
Microsoft Visual Studio Solution File, Format Version 12.00
# Visual Studio 15
VisualStudioVersion = 15.0.26124.0
MinimumVisualStudioVersion = 15.0.26124.0
Project("{2150E333-8FDC-42A3-9474-1A3956D46DE8}") = "src", "src", "{E2C30686-657B-4E40-9219-21245E50F101}"
EndProject
Project("{2150E333-8FDC-42A3-9474-1A3956D46DE8}") = "Ordering", "Ordering", "{DD769D92-76F9-4D60-8203-EE06E8F5F280}"
EndProject
Project("{FAE04EC0-301F-11D3-BF4B-00C04F79EFBC}") = "Ordering.Api", "src\Ordering\Ordering.Api\Ordering.Api.csproj", "{FA8C666D-CEA3-428A-9BB1-7C991BE3B503}"
EndProject
Project("{FAE04EC0-301F-11D3-BF4B-00C04F79EFBC}") = "Ordering.Core", "src\Ordering\Ordering.Core\Ordering.Core.csproj", "{BD543EA6-9C8C-4A1B-80B1-5B8B0029B24B}"
EndProject
Project("{FAE04EC0-301F-11D3-BF4B-00C04F79EFBC}") = "Ordering.EFCore", "src\Ordering\Ordering.EFCore\Ordering.EFCore.csproj", "{464A04BB-1AFA-41C6-AC0C-73D6F74EDFA5}"
EndProject
Project("{FAE04EC0-301F-11D3-BF4B-00C04F79EFBC}") = "Ordering.Migrator", "src\Ordering\Ordering.Migrator\Ordering.Migrator.csproj", "{68802C0B-492C-4010-BF83-09ABBC89AC9D}"
EndProject
Global
	GlobalSection(SolutionConfigurationPlatforms) = preSolution
		Debug|Any CPU = Debug|Any CPU
		Debug|x64 = Debug|x64
		Debug|x86 = Debug|x86
		Release|Any CPU = Release|Any CPU
		Release|x64 = Release|x64
		Release|x86 = Release|x86
	EndGlobalSection
	GlobalSection(SolutionProperties) = preSolution
		HideSolutionNode = FALSE
	EndGlobalSection
	GlobalSection(ProjectConfigurationPlatforms) = postSolution
		{FA8C666D-CEA3-428A-9BB1-7C991BE3B503}.Debug|Any CPU.ActiveCfg = Debug|Any CPU
		{FA8C666D-CEA3-428A-9BB1-7C991BE3B503}.Debug|Any CPU.Build.0 = Debug|Any CPU
		{FA8C666D-CEA3-428A-9BB1-7C991BE3B503}.Debug|x64.ActiveCfg = Debug|Any CPU
		{FA8C666D-CEA3-428A-9BB1-7C991BE3B503}.Debug|x64.Build.0 = Debug|Any CPU
		{FA8C666D-CEA3-428A-9BB1-7C991BE3B503}.Debug|x86.ActiveCfg = Debug|Any CPU
		{FA8C666D-CEA3-428A-9BB1-7C991BE3B503}.Debug|x86.Build.0 = Debug|Any CPU
		{FA8C666D-CEA3-428A-9BB1-7C991BE3B503}.Release|Any CPU.ActiveCfg = Release|Any CPU
		{FA8C666D-CEA3-428A-9BB1-7C991BE3B503}.Release|Any CPU.Build.0 = Release|Any CPU
		{FA8C666D-CEA3-428A-9BB1-7C991BE3B503}.Release|x64.ActiveCfg = Release|Any CPU
		{FA8C666D-CEA3-428A-9BB1-7C991BE3B503}.Release|x64.Build.0 = Release|Any CPU
		{FA8C666D-CEA3-428A-9BB1-7C991BE3B503}.Release|x86.ActiveCfg = Release|Any CPU
		{FA8C666D-CEA3-428A-9BB1-7C991BE3B503}.Release|x86.Build.0 = Release|Any CPU
		{BD543EA6-9C8C-4A1B-80B1-5B8B0029B24B}.Debug|Any CPU.ActiveCfg = Debug|Any CPU
		{BD543EA6-9C8C-4A1B-80B1-5B8B0029B24B}.Debug|Any CPU.Build.0 = Debug|Any CPU
		{BD543EA6-9C8C-4A1B-80B1-5B8B0029B24B}.Debug|x64.ActiveCfg = Debug|Any CPU
		{BD543EA6-9C8C-4A1B-80B1-5B8B0029B24B}.Debug|x64.Build.0 = Debug|Any CPU
		{BD543EA6-9C8C-4A1B-80B1-5B8B0029B24B}.Debug|x86.ActiveCfg = Debug|Any CPU
		{BD543EA6-9C8C-4A1B-80B1-5B8B0029B24B}.Debug|x86.Build.0 = Debug|Any CPU
		{BD543EA6-9C8C-4A1B-80B1-5B8B0029B24B}.Release|Any CPU.ActiveCfg = Release|Any CPU
		{BD543EA6-9C8C-4A1B-80B1-5B8B0029B24B}.Release|Any CPU.Build.0 = Release|Any CPU
		{BD543EA6-9C8C-4A1B-80B1-5B8B0029B24B}.Release|x64.ActiveCfg = Release|Any CPU
		{BD543EA6-9C8C-4A1B-80B1-5B8B0029B24B}.Release|x64.Build.0 = Release|Any CPU
		{BD543EA6-9C8C-4A1B-80B1-5B8B0029B24B}.Release|x86.ActiveCfg = Release|Any CPU
		{BD543EA6-9C8C-4A1B-80B1-5B8B0029B24B}.Release|x86.Build.0 = Release|Any CPU
		{464A04BB-1AFA-41C6-AC0C-73D6F74EDFA5}.Debug|Any CPU.ActiveCfg = Debug|Any CPU
		{464A04BB-1AFA-41C6-AC0C-73D6F74EDFA5}.Debug|Any CPU.Build.0 = Debug|Any CPU
		{464A04BB-1AFA-41C6-AC0C-73D6F74EDFA5}.Debug|x64.ActiveCfg = Debug|Any CPU
		{464A04BB-1AFA-41C6-AC0C-73D6F74EDFA5}.Debug|x64.Build.0 = Debug|Any CPU
		{464A04BB-1AFA-41C6-AC0C-73D6F74EDFA5}.Debug|x86.ActiveCfg = Debug|Any CPU
		{464A04BB-1AFA-41C6-AC0C-73D6F74EDFA5}.Debug|x86.Build.0 = Debug|Any CPU
		{464A04BB-1AFA-41C6-AC0C-73D6F74EDFA5}.Release|Any CPU.ActiveCfg = Release|Any CPU
		{464A04BB-1AFA-41C6-AC0C-73D6F74EDFA5}.Release|Any CPU.Build.0 = Release|Any CPU
		{464A04BB-1AFA-41C6-AC0C-73D6F74EDFA5}.Release|x64.ActiveCfg = Release|Any CPU
		{464A04BB-1AFA-41C6-AC0C-73D6F74EDFA5}.Release|x64.Build.0 = Release|Any CPU
		{464A04BB-1AFA-41C6-AC0C-73D6F74EDFA5}.Release|x86.ActiveCfg = Release|Any CPU
		{464A04BB-1AFA-41C6-AC0C-73D6F74EDFA5}.Release|x86.Build.0 = Release|Any CPU
		{68802C0B-492C-4010-BF83-09ABBC89AC9D}.Debug|Any CPU.ActiveCfg = Debug|Any CPU
		{68802C0B-492C-4010-BF83-09ABBC89AC9D}.Debug|Any CPU.Build.0 = Debug|Any CPU
		{68802C0B-492C-4010-BF83-09ABBC89AC9D}.Debug|x64.ActiveCfg = Debug|Any CPU
		{68802C0B-492C-4010-BF83-09ABBC89AC9D}.Debug|x64.Build.0 = Debug|Any CPU
		{68802C0B-492C-4010-BF83-09ABBC89AC9D}.Debug|x86.ActiveCfg = Debug|Any CPU
		{68802C0B-492C-4010-BF83-09ABBC89AC9D}.Debug|x86.Build.0 = Debug|Any CPU
		{68802C0B-492C-4010-BF83-09ABBC89AC9D}.Release|Any CPU.ActiveCfg = Release|Any CPU
		{68802C0B-492C-4010-BF83-09ABBC89AC9D}.Release|Any CPU.Build.0 = Release|Any CPU
		{68802C0B-492C-4010-BF83-09ABBC89AC9D}.Release|x64.ActiveCfg = Release|Any CPU
		{68802C0B-492C-4010-BF83-09ABBC89AC9D}.Release|x64.Build.0 = Release|Any CPU
		{68802C0B-492C-4010-BF83-09ABBC89AC9D}.Release|x86.ActiveCfg = Release|Any CPU
		{68802C0B-492C-4010-BF83-09ABBC89AC9D}.Release|x86.Build.0 = Release|Any CPU
	EndGlobalSection
	GlobalSection(NestedProjects) = preSolution
		{DD769D92-76F9-4D60-8203-EE06E8F5F280} = {E2C30686-657B-4E40-9219-21245E50F101}
		{FA8C666D-CEA3-428A-9BB1-7C991BE3B503} = {DD769D92-76F9-4D60-8203-EE06E8F5F280}
		{BD543EA6-9C8C-4A1B-80B1-5B8B0029B24B} = {DD769D92-76F9-4D60-8203-EE06E8F5F280}
		{464A04BB-1AFA-41C6-AC0C-73D6F74EDFA5} = {DD769D92-76F9-4D60-8203-EE06E8F5F280}
		{68802C0B-492C-4010-BF83-09ABBC89AC9D} = {DD769D92-76F9-4D60-8203-EE06E8F5F280}
	EndGlobalSection
EndGlobal
